// !$*UTF8*$!
{
	archiveVersion = 1;
	classes = {
	};
	objectVersion = 46;
	objects = {

/* Begin PBXBuildFile section */
		CB013B391A17F2DC0068AD37 /* AppDelegate.swift in Sources */ = {isa = PBXBuildFile; fileRef = CB013B381A17F2DC0068AD37 /* AppDelegate.swift */; };
		CB013B3B1A17F2DC0068AD37 /* MainMapController.swift in Sources */ = {isa = PBXBuildFile; fileRef = CB013B3A1A17F2DC0068AD37 /* MainMapController.swift */; };
		CB013B3E1A17F2DC0068AD37 /* Main.storyboard in Resources */ = {isa = PBXBuildFile; fileRef = CB013B3C1A17F2DC0068AD37 /* Main.storyboard */; };
		CB013B401A17F2DC0068AD37 /* Images.xcassets in Resources */ = {isa = PBXBuildFile; fileRef = CB013B3F1A17F2DC0068AD37 /* Images.xcassets */; };
		CB013B431A17F2DC0068AD37 /* LaunchScreen.xib in Resources */ = {isa = PBXBuildFile; fileRef = CB013B411A17F2DC0068AD37 /* LaunchScreen.xib */; };
		CB013B4F1A17F2DC0068AD37 /* ParkingSpotTests.swift in Sources */ = {isa = PBXBuildFile; fileRef = CB013B4E1A17F2DC0068AD37 /* ParkingSpotTests.swift */; };
		CB0983911A3F84BF00423C2B /* NotifyViewController.swift in Sources */ = {isa = PBXBuildFile; fileRef = CB0983901A3F84BF00423C2B /* NotifyViewController.swift */; };
		CB7535331A3E1B9C00367F8D /* DetailViewController.swift in Sources */ = {isa = PBXBuildFile; fileRef = CB7535321A3E1B9C00367F8D /* DetailViewController.swift */; };
		CB7535381A3E247900367F8D /* PlaceModel.swift in Sources */ = {isa = PBXBuildFile; fileRef = CB7535371A3E247900367F8D /* PlaceModel.swift */; };
		CBD0A0C11A193836002EF6CC /* Alamofire.framework in Frameworks */ = {isa = PBXBuildFile; fileRef = CBD0A0BA1A193783002EF6CC /* Alamofire.framework */; };
		CBD0A0C21A19383F002EF6CC /* Alamofire.framework in Copy Framework */ = {isa = PBXBuildFile; fileRef = CBD0A0BA1A193783002EF6CC /* Alamofire.framework */; settings = {ATTRIBUTES = (CodeSignOnCopy, RemoveHeadersOnCopy, ); }; };
		CBEF31F81A200703007F304B /* ParkersRequest.swift in Sources */ = {isa = PBXBuildFile; fileRef = CBEF31F71A200703007F304B /* ParkersRequest.swift */; };
/* End PBXBuildFile section */

/* Begin PBXContainerItemProxy section */
		CB013B491A17F2DC0068AD37 /* PBXContainerItemProxy */ = {
			isa = PBXContainerItemProxy;
			containerPortal = CB013B2B1A17F2DC0068AD37 /* Project object */;
			proxyType = 1;
			remoteGlobalIDString = CB013B321A17F2DC0068AD37;
			remoteInfo = ParkingSpot;
		};
		CBD0A0B91A193783002EF6CC /* PBXContainerItemProxy */ = {
			isa = PBXContainerItemProxy;
			containerPortal = CBD0A0B41A193783002EF6CC /* Alamofire.xcodeproj */;
			proxyType = 2;
			remoteGlobalIDString = F8111E3319A95C8B0040E7D1;
			remoteInfo = Alamofire;
		};
		CBD0A0BB1A193783002EF6CC /* PBXContainerItemProxy */ = {
			isa = PBXContainerItemProxy;
			containerPortal = CBD0A0B41A193783002EF6CC /* Alamofire.xcodeproj */;
			proxyType = 2;
			remoteGlobalIDString = F8111E3E19A95C8B0040E7D1;
			remoteInfo = AlamofireTests;
		};
		CBD0A0BD1A19378E002EF6CC /* PBXContainerItemProxy */ = {
			isa = PBXContainerItemProxy;
			containerPortal = CBD0A0B41A193783002EF6CC /* Alamofire.xcodeproj */;
			proxyType = 1;
			remoteGlobalIDString = F8111E3219A95C8B0040E7D1;
			remoteInfo = Alamofire;
		};
/* End PBXContainerItemProxy section */

/* Begin PBXCopyFilesBuildPhase section */
		CBD0A0BF1A1937E9002EF6CC /* Copy Framework */ = {
			isa = PBXCopyFilesBuildPhase;
			buildActionMask = 2147483647;
			dstPath = "";
			dstSubfolderSpec = 7;
			files = (
				CBD0A0C21A19383F002EF6CC /* Alamofire.framework in Copy Framework */,
			);
			name = "Copy Framework";
			runOnlyForDeploymentPostprocessing = 0;
		};
/* End PBXCopyFilesBuildPhase section */

/* Begin PBXFileReference section */
		CB013B331A17F2DC0068AD37 /* ParkingSpot.app */ = {isa = PBXFileReference; explicitFileType = wrapper.application; includeInIndex = 0; path = ParkingSpot.app; sourceTree = BUILT_PRODUCTS_DIR; };
		CB013B371A17F2DC0068AD37 /* Info.plist */ = {isa = PBXFileReference; lastKnownFileType = text.plist.xml; path = Info.plist; sourceTree = "<group>"; };
		CB013B381A17F2DC0068AD37 /* AppDelegate.swift */ = {isa = PBXFileReference; lastKnownFileType = sourcecode.swift; path = AppDelegate.swift; sourceTree = "<group>"; };
		CB013B3A1A17F2DC0068AD37 /* MainMapController.swift */ = {isa = PBXFileReference; lastKnownFileType = sourcecode.swift; path = MainMapController.swift; sourceTree = "<group>"; };
		CB013B3D1A17F2DC0068AD37 /* Base */ = {isa = PBXFileReference; lastKnownFileType = file.storyboard; name = Base; path = Base.lproj/Main.storyboard; sourceTree = "<group>"; };
		CB013B3F1A17F2DC0068AD37 /* Images.xcassets */ = {isa = PBXFileReference; lastKnownFileType = folder.assetcatalog; path = Images.xcassets; sourceTree = "<group>"; };
		CB013B421A17F2DC0068AD37 /* Base */ = {isa = PBXFileReference; lastKnownFileType = file.xib; name = Base; path = Base.lproj/LaunchScreen.xib; sourceTree = "<group>"; };
		CB013B481A17F2DC0068AD37 /* ParkingSpotTests.xctest */ = {isa = PBXFileReference; explicitFileType = wrapper.cfbundle; includeInIndex = 0; path = ParkingSpotTests.xctest; sourceTree = BUILT_PRODUCTS_DIR; };
		CB013B4D1A17F2DC0068AD37 /* Info.plist */ = {isa = PBXFileReference; lastKnownFileType = text.plist.xml; path = Info.plist; sourceTree = "<group>"; };
		CB013B4E1A17F2DC0068AD37 /* ParkingSpotTests.swift */ = {isa = PBXFileReference; lastKnownFileType = sourcecode.swift; path = ParkingSpotTests.swift; sourceTree = "<group>"; };
		CB0983901A3F84BF00423C2B /* NotifyViewController.swift */ = {isa = PBXFileReference; fileEncoding = 4; lastKnownFileType = sourcecode.swift; path = NotifyViewController.swift; sourceTree = "<group>"; };
		CB7535321A3E1B9C00367F8D /* DetailViewController.swift */ = {isa = PBXFileReference; fileEncoding = 4; lastKnownFileType = sourcecode.swift; path = DetailViewController.swift; sourceTree = "<group>"; };
		CB7535371A3E247900367F8D /* PlaceModel.swift */ = {isa = PBXFileReference; fileEncoding = 4; lastKnownFileType = sourcecode.swift; path = PlaceModel.swift; sourceTree = "<group>"; };
		CBD0A0B41A193783002EF6CC /* Alamofire.xcodeproj */ = {isa = PBXFileReference; lastKnownFileType = "wrapper.pb-project"; name = Alamofire.xcodeproj; path = Alamofire/Alamofire.xcodeproj; sourceTree = "<group>"; };
		CBEF31F71A200703007F304B /* ParkersRequest.swift */ = {isa = PBXFileReference; fileEncoding = 4; lastKnownFileType = sourcecode.swift; path = ParkersRequest.swift; sourceTree = "<group>"; };
/* End PBXFileReference section */

/* Begin PBXFrameworksBuildPhase section */
		CB013B301A17F2DC0068AD37 /* Frameworks */ = {
			isa = PBXFrameworksBuildPhase;
			buildActionMask = 2147483647;
			files = (
				CBD0A0C11A193836002EF6CC /* Alamofire.framework in Frameworks */,
			);
			runOnlyForDeploymentPostprocessing = 0;
		};
		CB013B451A17F2DC0068AD37 /* Frameworks */ = {
			isa = PBXFrameworksBuildPhase;
			buildActionMask = 2147483647;
			files = (
			);
			runOnlyForDeploymentPostprocessing = 0;
		};
/* End PBXFrameworksBuildPhase section */

/* Begin PBXGroup section */
		CB013B2A1A17F2DC0068AD37 = {
			isa = PBXGroup;
			children = (
				CB013B351A17F2DC0068AD37 /* ParkingSpot */,
				CB013B4B1A17F2DC0068AD37 /* ParkingSpotTests */,
				CB013B341A17F2DC0068AD37 /* Products */,
				CBD0A0B41A193783002EF6CC /* Alamofire.xcodeproj */,
			);
			sourceTree = "<group>";
		};
		CB013B341A17F2DC0068AD37 /* Products */ = {
			isa = PBXGroup;
			children = (
				CB013B331A17F2DC0068AD37 /* ParkingSpot.app */,
				CB013B481A17F2DC0068AD37 /* ParkingSpotTests.xctest */,
			);
			name = Products;
			sourceTree = "<group>";
		};
		CB013B351A17F2DC0068AD37 /* ParkingSpot */ = {
			isa = PBXGroup;
			children = (
				CB013B381A17F2DC0068AD37 /* AppDelegate.swift */,
				CB7535321A3E1B9C00367F8D /* DetailViewController.swift */,
				CB0983901A3F84BF00423C2B /* NotifyViewController.swift */,
				CB013B3A1A17F2DC0068AD37 /* MainMapController.swift */,
				CB013B3C1A17F2DC0068AD37 /* Main.storyboard */,
				CB013B3F1A17F2DC0068AD37 /* Images.xcassets */,
				CB013B411A17F2DC0068AD37 /* LaunchScreen.xib */,
				CB013B361A17F2DC0068AD37 /* Supporting Files */,
				CBEF31F71A200703007F304B /* ParkersRequest.swift */,
				CB7535371A3E247900367F8D /* PlaceModel.swift */,
			);
			path = ParkingSpot;
			sourceTree = "<group>";
		};
		CB013B361A17F2DC0068AD37 /* Supporting Files */ = {
			isa = PBXGroup;
			children = (
				CB013B371A17F2DC0068AD37 /* Info.plist */,
			);
			name = "Supporting Files";
			sourceTree = "<group>";
		};
		CB013B4B1A17F2DC0068AD37 /* ParkingSpotTests */ = {
			isa = PBXGroup;
			children = (
				CB013B4E1A17F2DC0068AD37 /* ParkingSpotTests.swift */,
				CB013B4C1A17F2DC0068AD37 /* Supporting Files */,
			);
			path = ParkingSpotTests;
			sourceTree = "<group>";
		};
		CB013B4C1A17F2DC0068AD37 /* Supporting Files */ = {
			isa = PBXGroup;
			children = (
				CB013B4D1A17F2DC0068AD37 /* Info.plist */,
			);
			name = "Supporting Files";
			sourceTree = "<group>";
		};
		CBD0A0B51A193783002EF6CC /* Products */ = {
			isa = PBXGroup;
			children = (
				CBD0A0BA1A193783002EF6CC /* Alamofire.framework */,
				CBD0A0BC1A193783002EF6CC /* AlamofireTests.xctest */,
			);
			name = Products;
			sourceTree = "<group>";
		};
/* End PBXGroup section */

/* Begin PBXNativeTarget section */
		CB013B321A17F2DC0068AD37 /* ParkingSpot */ = {
			isa = PBXNativeTarget;
			buildConfigurationList = CB013B521A17F2DC0068AD37 /* Build configuration list for PBXNativeTarget "ParkingSpot" */;
			buildPhases = (
				CB013B2F1A17F2DC0068AD37 /* Sources */,
				CB013B301A17F2DC0068AD37 /* Frameworks */,
				CB013B311A17F2DC0068AD37 /* Resources */,
				CBD0A0BF1A1937E9002EF6CC /* Copy Framework */,
			);
			buildRules = (
			);
			dependencies = (
				CBD0A0BE1A19378E002EF6CC /* PBXTargetDependency */,
			);
			name = ParkingSpot;
			productName = ParkingSpot;
			productReference = CB013B331A17F2DC0068AD37 /* ParkingSpot.app */;
			productType = "com.apple.product-type.application";
		};
		CB013B471A17F2DC0068AD37 /* ParkingSpotTests */ = {
			isa = PBXNativeTarget;
			buildConfigurationList = CB013B551A17F2DC0068AD37 /* Build configuration list for PBXNativeTarget "ParkingSpotTests" */;
			buildPhases = (
				CB013B441A17F2DC0068AD37 /* Sources */,
				CB013B451A17F2DC0068AD37 /* Frameworks */,
				CB013B461A17F2DC0068AD37 /* Resources */,
			);
			buildRules = (
			);
			dependencies = (
				CB013B4A1A17F2DC0068AD37 /* PBXTargetDependency */,
			);
			name = ParkingSpotTests;
			productName = ParkingSpotTests;
			productReference = CB013B481A17F2DC0068AD37 /* ParkingSpotTests.xctest */;
			productType = "com.apple.product-type.bundle.unit-test";
		};
/* End PBXNativeTarget section */

/* Begin PBXProject section */
		CB013B2B1A17F2DC0068AD37 /* Project object */ = {
			isa = PBXProject;
			attributes = {
				LastUpgradeCheck = 0610;
				ORGANIZATIONNAME = "Charlie X. Zhou";
				TargetAttributes = {
					CB013B321A17F2DC0068AD37 = {
						CreatedOnToolsVersion = 6.1;
					};
					CB013B471A17F2DC0068AD37 = {
						CreatedOnToolsVersion = 6.1;
						TestTargetID = CB013B321A17F2DC0068AD37;
					};
				};
			};
			buildConfigurationList = CB013B2E1A17F2DC0068AD37 /* Build configuration list for PBXProject "ParkingSpot" */;
			compatibilityVersion = "Xcode 3.2";
			developmentRegion = English;
			hasScannedForEncodings = 0;
			knownRegions = (
				en,
				Base,
			);
			mainGroup = CB013B2A1A17F2DC0068AD37;
			productRefGroup = CB013B341A17F2DC0068AD37 /* Products */;
			projectDirPath = "";
			projectReferences = (
				{
					ProductGroup = CBD0A0B51A193783002EF6CC /* Products */;
					ProjectRef = CBD0A0B41A193783002EF6CC /* Alamofire.xcodeproj */;
				},
			);
			projectRoot = "";
			targets = (
				CB013B321A17F2DC0068AD37 /* ParkingSpot */,
				CB013B471A17F2DC0068AD37 /* ParkingSpotTests */,
			);
		};
/* End PBXProject section */

/* Begin PBXReferenceProxy section */
		CBD0A0BA1A193783002EF6CC /* Alamofire.framework */ = {
			isa = PBXReferenceProxy;
			fileType = wrapper.framework;
			path = Alamofire.framework;
			remoteRef = CBD0A0B91A193783002EF6CC /* PBXContainerItemProxy */;
			sourceTree = BUILT_PRODUCTS_DIR;
		};
		CBD0A0BC1A193783002EF6CC /* AlamofireTests.xctest */ = {
			isa = PBXReferenceProxy;
			fileType = wrapper.cfbundle;
			path = AlamofireTests.xctest;
			remoteRef = CBD0A0BB1A193783002EF6CC /* PBXContainerItemProxy */;
			sourceTree = BUILT_PRODUCTS_DIR;
		};
/* End PBXReferenceProxy section */

/* Begin PBXResourcesBuildPhase section */
		CB013B311A17F2DC0068AD37 /* Resources */ = {
			isa = PBXResourcesBuildPhase;
			buildActionMask = 2147483647;
			files = (
				CB013B3E1A17F2DC0068AD37 /* Main.storyboard in Resources */,
				CB013B431A17F2DC0068AD37 /* LaunchScreen.xib in Resources */,
				CB013B401A17F2DC0068AD37 /* Images.xcassets in Resources */,
			);
			runOnlyForDeploymentPostprocessing = 0;
		};
		CB013B461A17F2DC0068AD37 /* Resources */ = {
			isa = PBXResourcesBuildPhase;
			buildActionMask = 2147483647;
			files = (
			);
			runOnlyForDeploymentPostprocessing = 0;
		};
/* End PBXResourcesBuildPhase section */

/* Begin PBXSourcesBuildPhase section */
		CB013B2F1A17F2DC0068AD37 /* Sources */ = {
			isa = PBXSourcesBuildPhase;
			buildActionMask = 2147483647;
			files = (
				CBEF31F81A200703007F304B /* ParkersRequest.swift in Sources */,
				CB0983911A3F84BF00423C2B /* NotifyViewController.swift in Sources */,
				CB013B3B1A17F2DC0068AD37 /* MainMapController.swift in Sources */,
				CB7535381A3E247900367F8D /* PlaceModel.swift in Sources */,
				CB013B391A17F2DC0068AD37 /* AppDelegate.swift in Sources */,
				CB7535331A3E1B9C00367F8D /* DetailViewController.swift in Sources */,
			);
			runOnlyForDeploymentPostprocessing = 0;
		};
		CB013B441A17F2DC0068AD37 /* Sources */ = {
			isa = PBXSourcesBuildPhase;
			buildActionMask = 2147483647;
			files = (
				CB013B4F1A17F2DC0068AD37 /* ParkingSpotTests.swift in Sources */,
			);
			runOnlyForDeploymentPostprocessing = 0;
		};
/* End PBXSourcesBuildPhase section */

/* Begin PBXTargetDependency section */
		CB013B4A1A17F2DC0068AD37 /* PBXTargetDependency */ = {
			isa = PBXTargetDependency;
			target = CB013B321A17F2DC0068AD37 /* ParkingSpot */;
			targetProxy = CB013B491A17F2DC0068AD37 /* PBXContainerItemProxy */;
		};
		CBD0A0BE1A19378E002EF6CC /* PBXTargetDependency */ = {
			isa = PBXTargetDependency;
			name = Alamofire;
			targetProxy = CBD0A0BD1A19378E002EF6CC /* PBXContainerItemProxy */;
		};
/* End PBXTargetDependency section */

/* Begin PBXVariantGroup section */
		CB013B3C1A17F2DC0068AD37 /* Main.storyboard */ = {
			isa = PBXVariantGroup;
			children = (
				CB013B3D1A17F2DC0068AD37 /* Base */,
			);
			name = Main.storyboard;
			sourceTree = "<group>";
		};
		CB013B411A17F2DC0068AD37 /* LaunchScreen.xib */ = {
			isa = PBXVariantGroup;
			children = (
				CB013B421A17F2DC0068AD37 /* Base */,
			);
			name = LaunchScreen.xib;
			sourceTree = "<group>";
		};
/* End PBXVariantGroup section */

/* Begin XCBuildConfiguration section */
		CB013B501A17F2DC0068AD37 /* Debug */ = {
			isa = XCBuildConfiguration;
			buildSettings = {
				ALWAYS_SEARCH_USER_PATHS = NO;
				CLANG_CXX_LANGUAGE_STANDARD = "gnu++0x";
				CLANG_CXX_LIBRARY = "libc++";
				CLANG_ENABLE_MODULES = YES;
				CLANG_ENABLE_OBJC_ARC = YES;
				CLANG_WARN_BOOL_CONVERSION = YES;
				CLANG_WARN_CONSTANT_CONVERSION = YES;
				CLANG_WARN_DIRECT_OBJC_ISA_USAGE = YES_ERROR;
				CLANG_WARN_EMPTY_BODY = YES;
				CLANG_WARN_ENUM_CONVERSION = YES;
				CLANG_WARN_INT_CONVERSION = YES;
				CLANG_WARN_OBJC_ROOT_CLASS = YES_ERROR;
				CLANG_WARN_UNREACHABLE_CODE = YES;
				CLANG_WARN__DUPLICATE_METHOD_MATCH = YES;
				"CODE_SIGN_IDENTITY[sdk=iphoneos*]" = "iPhone Developer";
				COPY_PHASE_STRIP = NO;
				ENABLE_STRICT_OBJC_MSGSEND = YES;
				GCC_C_LANGUAGE_STANDARD = gnu99;
				GCC_DYNAMIC_NO_PIC = NO;
				GCC_OPTIMIZATION_LEVEL = 0;
				GCC_PREPROCESSOR_DEFINITIONS = (
					"DEBUG=1",
					"$(inherited)",
				);
				GCC_SYMBOLS_PRIVATE_EXTERN = NO;
				GCC_WARN_64_TO_32_BIT_CONVERSION = YES;
				GCC_WARN_ABOUT_RETURN_TYPE = YES_ERROR;
				GCC_WARN_UNDECLARED_SELECTOR = YES;
				GCC_WARN_UNINITIALIZED_AUTOS = YES_AGGRESSIVE;
				GCC_WARN_UNUSED_FUNCTION = YES;
				GCC_WARN_UNUSED_VARIABLE = YES;
				IPHONEOS_DEPLOYMENT_TARGET = 8.1;
				MTL_ENABLE_DEBUG_INFO = YES;
				ONLY_ACTIVE_ARCH = YES;
				SDKROOT = iphoneos;
				SWIFT_OPTIMIZATION_LEVEL = "-Onone";
				TARGETED_DEVICE_FAMILY = "1,2";
			};
			name = Debug;
		};
		CB013B511A17F2DC0068AD37 /* Release */ = {
			isa = XCBuildConfiguration;
			buildSettings = {
				ALWAYS_SEARCH_USER_PATHS = NO;
				CLANG_CXX_LANGUAGE_STANDARD = "gnu++0x";
				CLANG_CXX_LIBRARY = "libc++";
				CLANG_ENABLE_MODULES = YES;
				CLANG_ENABLE_OBJC_ARC = YES;
				CLANG_WARN_BOOL_CONVERSION = YES;
				CLANG_WARN_CONSTANT_CONVERSION = YES;
				CLANG_WARN_DIRECT_OBJC_ISA_USAGE = YES_ERROR;
				CLANG_WARN_EMPTY_BODY = YES;
				CLANG_WARN_ENUM_CONVERSION = YES;
				CLANG_WARN_INT_CONVERSION = YES;
				CLANG_WARN_OBJC_ROOT_CLASS = YES_ERROR;
				CLANG_WARN_UNREACHABLE_CODE = YES;
				CLANG_WARN__DUPLICATE_METHOD_MATCH = YES;
				"CODE_SIGN_IDENTITY[sdk=iphoneos*]" = "iPhone Developer";
				COPY_PHASE_STRIP = YES;
				ENABLE_NS_ASSERTIONS = NO;
				ENABLE_STRICT_OBJC_MSGSEND = YES;
				GCC_C_LANGUAGE_STANDARD = gnu99;
				GCC_WARN_64_TO_32_BIT_CONVERSION = YES;
				GCC_WARN_ABOUT_RETURN_TYPE = YES_ERROR;
				GCC_WARN_UNDECLARED_SELECTOR = YES;
				GCC_WARN_UNINITIALIZED_AUTOS = YES_AGGRESSIVE;
				GCC_WARN_UNUSED_FUNCTION = YES;
				GCC_WARN_UNUSED_VARIABLE = YES;
				IPHONEOS_DEPLOYMENT_TARGET = 8.1;
				MTL_ENABLE_DEBUG_INFO = NO;
				SDKROOT = iphoneos;
				TARGETED_DEVICE_FAMILY = "1,2";
				VALIDATE_PRODUCT = YES;
			};
			name = Release;
		};
		CB013B531A17F2DC0068AD37 /* Debug */ = {
			isa = XCBuildConfiguration;
			buildSettings = {
				ASSETCATALOG_COMPILER_APPICON_NAME = AppIcon;
				INFOPLIST_FILE = ParkingSpot/Info.plist;
				LD_RUNPATH_SEARCH_PATHS = "$(inherited) @executable_path/Frameworks";
				PRODUCT_NAME = "$(TARGET_NAME)";
			};
			name = Debug;
		};
		CB013B541A17F2DC0068AD37 /* Release */ = {
			isa = XCBuildConfiguration;
			buildSettings = {
				ASSETCATALOG_COMPILER_APPICON_NAME = AppIcon;
				INFOPLIST_FILE = ParkingSpot/Info.plist;
				LD_RUNPATH_SEARCH_PATHS = "$(inherited) @executable_path/Frameworks";
				PRODUCT_NAME = "$(TARGET_NAME)";
			};
			name = Release;
		};
		CB013B561A17F2DC0068AD37 /* Debug */ = {
			isa = XCBuildConfiguration;
			buildSettings = {
				BUNDLE_LOADER = "$(TEST_HOST)";
				FRAMEWORK_SEARCH_PATHS = (
					"$(SDKROOT)/Developer/Library/Frameworks",
					"$(inherited)",
				);
				GCC_PREPROCESSOR_DEFINITIONS = (
					"DEBUG=1",
					"$(inherited)",
				);
				INFOPLIST_FILE = ParkingSpotTests/Info.plist;
				LD_RUNPATH_SEARCH_PATHS = "$(inherited) @executable_path/Frameworks @loader_path/Frameworks";
				PRODUCT_NAME = "$(TARGET_NAME)";
				TEST_HOST = "$(BUILT_PRODUCTS_DIR)/ParkingSpot.app/ParkingSpot";
			};
			name = Debug;
		};
		CB013B571A17F2DC0068AD37 /* Release */ = {
			isa = XCBuildConfiguration;
			buildSettings = {
				BUNDLE_LOADER = "$(TEST_HOST)";
				FRAMEWORK_SEARCH_PATHS = (
					"$(SDKROOT)/Developer/Library/Frameworks",
					"$(inherited)",
				);
				INFOPLIST_FILE = ParkingSpotTests/Info.plist;
				LD_RUNPATH_SEARCH_PATHS = "$(inherited) @executable_path/Frameworks @loader_path/Frameworks";
				PRODUCT_NAME = "$(TARGET_NAME)";
				TEST_HOST = "$(BUILT_PRODUCTS_DIR)/ParkingSpot.app/ParkingSpot";
			};
			name = Release;
		};
/* End XCBuildConfiguration section */

/* Begin XCConfigurationList section */
		CB013B2E1A17F2DC0068AD37 /* Build configuration list for PBXProject "ParkingSpot" */ = {
			isa = XCConfigurationList;
			buildConfigurations = (
				CB013B501A17F2DC0068AD37 /* Debug */,
				CB013B511A17F2DC0068AD37 /* Release */,
			);
			defaultConfigurationIsVisible = 0;
			defaultConfigurationName = Release;
		};
		CB013B521A17F2DC0068AD37 /* Build configuration list for PBXNativeTarget "ParkingSpot" */ = {
			isa = XCConfigurationList;
			buildConfigurations = (
				CB013B531A17F2DC0068AD37 /* Debug */,
				CB013B541A17F2DC0068AD37 /* Release */,
			);
			defaultConfigurationIsVisible = 0;
			defaultConfigurationName = Release;
		};
		CB013B551A17F2DC0068AD37 /* Build configuration list for PBXNativeTarget "ParkingSpotTests" */ = {
			isa = XCConfigurationList;
			buildConfigurations = (
				CB013B561A17F2DC0068AD37 /* Debug */,
				CB013B571A17F2DC0068AD37 /* Release */,
			);
			defaultConfigurationIsVisible = 0;
			defaultConfigurationName = Release;
		};
/* End XCConfigurationList section */
	};
	rootObject = CB013B2B1A17F2DC0068AD37 /* Project object */;
}
